{
    "_readme": [
        "This file locks the dependencies of your project to a known state",
        "Read more about it at https://getcomposer.org/doc/01-basic-usage.md#installing-dependencies",
        "This file is @generated automatically"
    ],
    "content-hash": "c5215417e2b7be5a7b81e755a285acec",
    "packages": [
        {
            "name": "container-interop/container-interop",
            "version": "1.2.0",
            "source": {
                "type": "git",
                "url": "https://github.com/container-interop/container-interop.git",
                "reference": "79cbf1341c22ec75643d841642dd5d6acd83bdb8"
            },
            "dist": {
                "type": "zip",
                "url": "https://api.github.com/repos/container-interop/container-interop/zipball/79cbf1341c22ec75643d841642dd5d6acd83bdb8",
                "reference": "79cbf1341c22ec75643d841642dd5d6acd83bdb8",
                "shasum": ""
            },
            "require": {
                "psr/container": "^1.0"
            },
            "type": "library",
            "autoload": {
                "psr-4": {
                    "Interop\\Container\\": "src/Interop/Container/"
                }
            },
            "notification-url": "https://packagist.org/downloads/",
            "license": [
                "MIT"
            ],
            "description": "Promoting the interoperability of container objects (DIC, SL, etc.)",
            "homepage": "https://github.com/container-interop/container-interop",
            "abandoned": "psr/container",
            "time": "2017-02-14T19:40:03+00:00"
        },
        {
            "name": "laminas/laminas-config",
            "version": "3.3.0",
            "source": {
                "type": "git",
                "url": "https://github.com/laminas/laminas-config.git",
                "reference": "b8fe057f55e69a0e7a2e4ced79218a43f58606a8"
            },
            "dist": {
                "type": "zip",
                "url": "https://api.github.com/repos/laminas/laminas-config/zipball/b8fe057f55e69a0e7a2e4ced79218a43f58606a8",
                "reference": "b8fe057f55e69a0e7a2e4ced79218a43f58606a8",
                "shasum": ""
            },
            "require": {
                "ext-json": "*",
                "laminas/laminas-stdlib": "^2.7.7 || ^3.1",
                "laminas/laminas-zendframework-bridge": "^1.0",
                "php": "^5.6 || ^7.0",
                "psr/container": "^1.0"
            },
            "conflict": {
                "container-interop/container-interop": "<1.2.0"
            },
            "replace": {
                "zendframework/zend-config": "self.version"
            },
            "require-dev": {
                "laminas/laminas-coding-standard": "~1.0.0",
                "laminas/laminas-filter": "^2.7.2",
                "laminas/laminas-i18n": "^2.7.4",
                "laminas/laminas-servicemanager": "^2.7.8 || ^3.3",
                "malukenho/docheader": "^0.1.6",
                "phpunit/phpunit": "^5.7.27 || ^6.5.8 || ^7.1.2"
            },
            "suggest": {
                "laminas/laminas-filter": "^2.7.2; install if you want to use the Filter processor",
                "laminas/laminas-i18n": "^2.7.4; install if you want to use the Translator processor",
                "laminas/laminas-servicemanager": "^2.7.8 || ^3.3; if you need an extensible plugin manager for use with the Config Factory"
            },
            "type": "library",
            "extra": {
                "branch-alias": {
                    "dev-master": "3.3.x-dev",
                    "dev-develop": "3.4.x-dev"
                }
            },
            "autoload": {
                "psr-4": {
                    "Laminas\\Config\\": "src/"
                }
            },
            "notification-url": "https://packagist.org/downloads/",
            "license": [
                "BSD-3-Clause"
            ],
            "description": "provides a nested object property based user interface for accessing this configuration data within application code",
            "homepage": "https://laminas.dev",
            "keywords": [
                "config",
                "laminas"
            ],
            "time": "2019-12-31T16:30:11+00:00"
        },
        {
            "name": "laminas/laminas-config-aggregator",
            "version": "1.2.0",
            "source": {
                "type": "git",
                "url": "https://github.com/laminas/laminas-config-aggregator.git",
                "reference": "8d86bbb5338f5c66ed0bb77b5cbfe5a82d762fd7"
            },
            "dist": {
                "type": "zip",
                "url": "https://api.github.com/repos/laminas/laminas-config-aggregator/zipball/8d86bbb5338f5c66ed0bb77b5cbfe5a82d762fd7",
                "reference": "8d86bbb5338f5c66ed0bb77b5cbfe5a82d762fd7",
                "shasum": ""
            },
            "require": {
                "laminas/laminas-stdlib": "^2.7.7 || ^3.1.0",
                "laminas/laminas-zendframework-bridge": "^1.0",
                "php": "^5.6 || ^7.0"
            },
            "replace": {
                "zendframework/zend-config-aggregator": "self.version"
            },
            "require-dev": {
                "laminas/laminas-coding-standard": "~1.0.0",
                "laminas/laminas-config": "^2.6 || ^3.0",
                "laminas/laminas-servicemanager": "^2.7.7 || ^3.1.1",
                "malukenho/docheader": "^0.1.5",
                "phpunit/phpunit": "^5.7.21 || ^6.3"
            },
            "suggest": {
                "laminas/laminas-config": "Allows loading configuration from XML, INI, YAML, and JSON files",
                "laminas/laminas-config-aggregator-modulemanager": "Allows loading configuration from laminas-mvc Module classes",
                "laminas/laminas-config-aggregator-parameters": "Allows usage of templated parameters within your configuration"
            },
            "type": "library",
            "extra": {
                "branch-alias": {
                    "dev-master": "1.2.x-dev",
                    "dev-develop": "1.3.x-dev"
                }
            },
            "autoload": {
                "psr-4": {
                    "Laminas\\ConfigAggregator\\": "src/"
                }
            },
            "notification-url": "https://packagist.org/downloads/",
            "license": [
                "BSD-3-Clause"
            ],
            "description": "Lightweight library for collecting and merging configuration from different sources",
            "homepage": "https://laminas.dev",
            "keywords": [
                "config-aggregator",
                "laminas"
            ],
            "time": "2019-12-31T16:30:18+00:00"
        },
        {
            "name": "laminas/laminas-eventmanager",
            "version": "3.2.1",
            "source": {
                "type": "git",
                "url": "https://github.com/laminas/laminas-eventmanager.git",
                "reference": "ce4dc0bdf3b14b7f9815775af9dfee80a63b4748"
            },
            "dist": {
                "type": "zip",
                "url": "https://api.github.com/repos/laminas/laminas-eventmanager/zipball/ce4dc0bdf3b14b7f9815775af9dfee80a63b4748",
                "reference": "ce4dc0bdf3b14b7f9815775af9dfee80a63b4748",
                "shasum": ""
            },
            "require": {
                "laminas/laminas-zendframework-bridge": "^1.0",
                "php": "^5.6 || ^7.0"
            },
            "replace": {
                "zendframework/zend-eventmanager": "self.version"
            },
            "require-dev": {
                "athletic/athletic": "^0.1",
                "container-interop/container-interop": "^1.1.0",
                "laminas/laminas-coding-standard": "~1.0.0",
                "laminas/laminas-stdlib": "^2.7.3 || ^3.0",
                "phpunit/phpunit": "^5.7.27 || ^6.5.8 || ^7.1.2"
            },
            "suggest": {
                "container-interop/container-interop": "^1.1.0, to use the lazy listeners feature",
                "laminas/laminas-stdlib": "^2.7.3 || ^3.0, to use the FilterChain feature"
            },
            "type": "library",
            "extra": {
                "branch-alias": {
                    "dev-master": "3.2-dev",
                    "dev-develop": "3.3-dev"
                }
            },
            "autoload": {
                "psr-4": {
                    "Laminas\\EventManager\\": "src/"
                }
            },
            "notification-url": "https://packagist.org/downloads/",
            "license": [
                "BSD-3-Clause"
            ],
            "description": "Trigger and listen to events within a PHP application",
            "homepage": "https://laminas.dev",
            "keywords": [
                "event",
                "eventmanager",
                "events",
                "laminas"
            ],
            "time": "2019-12-31T16:44:52+00:00"
        },
        {
            "name": "laminas/laminas-loader",
            "version": "2.6.1",
            "source": {
                "type": "git",
                "url": "https://github.com/laminas/laminas-loader.git",
                "reference": "5d01c2c237ae9e68bec262f339947e2ea18979bc"
            },
            "dist": {
                "type": "zip",
                "url": "https://api.github.com/repos/laminas/laminas-loader/zipball/5d01c2c237ae9e68bec262f339947e2ea18979bc",
                "reference": "5d01c2c237ae9e68bec262f339947e2ea18979bc",
                "shasum": ""
            },
            "require": {
                "laminas/laminas-zendframework-bridge": "^1.0",
                "php": "^5.6 || ^7.0"
            },
            "replace": {
                "zendframework/zend-loader": "self.version"
            },
            "require-dev": {
                "laminas/laminas-coding-standard": "~1.0.0",
                "phpunit/phpunit": "^5.7.27 || ^6.5.8 || ^7.1.4"
            },
            "type": "library",
            "extra": {
                "branch-alias": {
                    "dev-master": "2.6.x-dev",
                    "dev-develop": "2.7.x-dev"
                }
            },
            "autoload": {
                "psr-4": {
                    "Laminas\\Loader\\": "src/"
                }
            },
            "notification-url": "https://packagist.org/downloads/",
            "license": [
                "BSD-3-Clause"
            ],
            "description": "Autoloading and plugin loading strategies",
            "homepage": "https://laminas.dev",
            "keywords": [
                "laminas",
                "loader"
            ],
            "time": "2019-12-31T17:18:27+00:00"
        },
        {
            "name": "laminas/laminas-modulemanager",
            "version": "2.8.4",
            "source": {
                "type": "git",
                "url": "https://github.com/laminas/laminas-modulemanager.git",
                "reference": "92b1cde1aab5aef687b863face6dd5d9c6751c78"
            },
            "dist": {
                "type": "zip",
                "url": "https://api.github.com/repos/laminas/laminas-modulemanager/zipball/92b1cde1aab5aef687b863face6dd5d9c6751c78",
                "reference": "92b1cde1aab5aef687b863face6dd5d9c6751c78",
                "shasum": ""
            },
            "require": {
                "laminas/laminas-config": "^3.1 || ^2.6",
                "laminas/laminas-eventmanager": "^3.2 || ^2.6.3",
                "laminas/laminas-stdlib": "^3.1 || ^2.7",
                "laminas/laminas-zendframework-bridge": "^1.0",
                "php": "^5.6 || ^7.0"
            },
            "replace": {
                "zendframework/zend-modulemanager": "self.version"
            },
            "require-dev": {
                "laminas/laminas-coding-standard": "~1.0.0",
                "laminas/laminas-console": "^2.6",
                "laminas/laminas-di": "^2.6",
                "laminas/laminas-loader": "^2.5",
                "laminas/laminas-mvc": "^3.0 || ^2.7",
                "laminas/laminas-servicemanager": "^3.0.3 || ^2.7.5",
                "phpunit/phpunit": "^5.7.27 || ^6.5.14 || ^7.5.16"
            },
            "suggest": {
                "laminas/laminas-console": "Laminas\\Console component",
                "laminas/laminas-loader": "Laminas\\Loader component if you are not using Composer autoloading for your modules",
                "laminas/laminas-mvc": "Laminas\\Mvc component",
                "laminas/laminas-servicemanager": "Laminas\\ServiceManager component"
            },
            "type": "library",
            "extra": {
                "branch-alias": {
                    "dev-master": "2.8.x-dev",
                    "dev-develop": "2.9.x-dev"
                }
            },
            "autoload": {
                "psr-4": {
                    "Laminas\\ModuleManager\\": "src/"
                }
            },
            "notification-url": "https://packagist.org/downloads/",
            "license": [
                "BSD-3-Clause"
            ],
            "description": "Modular application system for laminas-mvc applications",
            "homepage": "https://laminas.dev",
            "keywords": [
                "laminas",
                "modulemanager"
            ],
            "time": "2019-12-31T17:26:56+00:00"
        },
        {
            "name": "laminas/laminas-servicemanager",
            "version": "3.4.0",
            "source": {
                "type": "git",
                "url": "https://github.com/laminas/laminas-servicemanager.git",
                "reference": "044cb8e380682563fb277ed5f6de4f690e4e6239"
            },
            "dist": {
                "type": "zip",
                "url": "https://api.github.com/repos/laminas/laminas-servicemanager/zipball/044cb8e380682563fb277ed5f6de4f690e4e6239",
                "reference": "044cb8e380682563fb277ed5f6de4f690e4e6239",
                "shasum": ""
            },
            "require": {
                "container-interop/container-interop": "^1.2",
                "laminas/laminas-stdlib": "^3.2.1",
                "laminas/laminas-zendframework-bridge": "^1.0",
                "php": "^5.6 || ^7.0",
                "psr/container": "^1.0"
            },
            "provide": {
                "container-interop/container-interop-implementation": "^1.2",
                "psr/container-implementation": "^1.0"
            },
            "replace": {
                "zendframework/zend-servicemanager": "self.version"
            },
            "require-dev": {
                "laminas/laminas-coding-standard": "~1.0.0",
                "mikey179/vfsstream": "^1.6.5",
                "ocramius/proxy-manager": "^1.0 || ^2.0",
                "phpbench/phpbench": "^0.13.0",
                "phpunit/phpunit": "^5.7.25 || ^6.4.4"
            },
            "suggest": {
                "laminas/laminas-stdlib": "laminas-stdlib ^2.5 if you wish to use the MergeReplaceKey or MergeRemoveKey features in Config instances",
                "ocramius/proxy-manager": "ProxyManager 1.* to handle lazy initialization of services"
            },
            "bin": [
                "bin/generate-deps-for-config-factory",
                "bin/generate-factory-for-class"
            ],
            "type": "library",
            "extra": {
                "branch-alias": {
                    "dev-master": "3.3-dev",
                    "dev-develop": "4.0-dev"
                }
            },
            "autoload": {
                "psr-4": {
                    "Laminas\\ServiceManager\\": "src/"
                }
            },
            "notification-url": "https://packagist.org/downloads/",
            "license": [
                "BSD-3-Clause"
            ],
            "description": "Factory-Driven Dependency Injection Container",
            "homepage": "https://laminas.dev",
            "keywords": [
                "PSR-11",
                "dependency-injection",
                "di",
                "dic",
                "laminas",
                "service-manager",
                "servicemanager"
            ],
            "time": "2019-12-31T17:44:47+00:00"
        },
        {
            "name": "laminas/laminas-stdlib",
            "version": "3.2.1",
            "source": {
                "type": "git",
                "url": "https://github.com/laminas/laminas-stdlib.git",
                "reference": "2b18347625a2f06a1a485acfbc870f699dbe51c6"
            },
            "dist": {
                "type": "zip",
                "url": "https://api.github.com/repos/laminas/laminas-stdlib/zipball/2b18347625a2f06a1a485acfbc870f699dbe51c6",
                "reference": "2b18347625a2f06a1a485acfbc870f699dbe51c6",
                "shasum": ""
            },
            "require": {
                "laminas/laminas-zendframework-bridge": "^1.0",
                "php": "^5.6 || ^7.0"
            },
            "replace": {
                "zendframework/zend-stdlib": "self.version"
            },
            "require-dev": {
                "laminas/laminas-coding-standard": "~1.0.0",
                "phpbench/phpbench": "^0.13",
                "phpunit/phpunit": "^5.7.27 || ^6.5.8 || ^7.1.2"
            },
            "type": "library",
            "extra": {
                "branch-alias": {
                    "dev-master": "3.2.x-dev",
                    "dev-develop": "3.3.x-dev"
                }
            },
            "autoload": {
                "psr-4": {
                    "Laminas\\Stdlib\\": "src/"
                }
            },
            "notification-url": "https://packagist.org/downloads/",
            "license": [
                "BSD-3-Clause"
            ],
            "description": "SPL extensions, array utilities, error handlers, and more",
            "homepage": "https://laminas.dev",
            "keywords": [
                "laminas",
                "stdlib"
            ],
            "time": "2019-12-31T17:51:15+00:00"
        },
        {
            "name": "laminas/laminas-zendframework-bridge",
            "version": "1.0.1",
            "source": {
                "type": "git",
                "url": "https://github.com/laminas/laminas-zendframework-bridge.git",
                "reference": "0fb9675b84a1666ab45182b6c5b29956921e818d"
            },
            "dist": {
                "type": "zip",
                "url": "https://api.github.com/repos/laminas/laminas-zendframework-bridge/zipball/0fb9675b84a1666ab45182b6c5b29956921e818d",
                "reference": "0fb9675b84a1666ab45182b6c5b29956921e818d",
                "shasum": ""
            },
            "require": {
                "php": "^5.6 || ^7.0"
            },
            "require-dev": {
                "phpunit/phpunit": "^5.7 || ^6.5 || ^7.5 || ^8.1",
                "squizlabs/php_codesniffer": "^3.5"
            },
            "type": "library",
            "extra": {
                "branch-alias": {
                    "dev-master": "1.0.x-dev",
                    "dev-develop": "1.1.x-dev"
                },
                "laminas": {
                    "module": "Laminas\\ZendFrameworkBridge"
                }
            },
            "autoload": {
                "files": [
                    "src/autoload.php"
                ],
                "psr-4": {
                    "Laminas\\ZendFrameworkBridge\\": "src//"
                }
            },
            "notification-url": "https://packagist.org/downloads/",
            "license": [
                "BSD-3-Clause"
            ],
            "description": "Alias legacy ZF class names to Laminas Project equivalents.",
            "keywords": [
                "ZendFramework",
                "autoloading",
                "laminas",
                "zf"
            ],
            "time": "2020-01-07T22:58:31+00:00"
        },
        {
            "name": "psr/container",
            "version": "1.0.0",
            "source": {
                "type": "git",
                "url": "https://github.com/php-fig/container.git",
                "reference": "b7ce3b176482dbbc1245ebf52b181af44c2cf55f"
            },
            "dist": {
                "type": "zip",
                "url": "https://api.github.com/repos/php-fig/container/zipball/b7ce3b176482dbbc1245ebf52b181af44c2cf55f",
                "reference": "b7ce3b176482dbbc1245ebf52b181af44c2cf55f",
                "shasum": ""
            },
            "require": {
                "php": ">=5.3.0"
            },
            "type": "library",
            "extra": {
                "branch-alias": {
                    "dev-master": "1.0.x-dev"
                }
            },
            "autoload": {
                "psr-4": {
                    "Psr\\Container\\": "src/"
                }
            },
            "notification-url": "https://packagist.org/downloads/",
            "license": [
                "MIT"
            ],
            "authors": [
                {
                    "name": "PHP-FIG",
                    "homepage": "http://www.php-fig.org/"
                }
            ],
            "description": "Common Container Interface (PHP FIG PSR-11)",
            "homepage": "https://github.com/php-fig/container",
            "keywords": [
                "PSR-11",
                "container",
                "container-interface",
                "container-interop",
                "psr"
            ],
            "time": "2017-02-14T16:28:37+00:00"
        },
        {
            "name": "symfony/console",
            "version": "v5.0.4",
            "source": {
                "type": "git",
                "url": "https://github.com/symfony/console.git",
                "reference": "91c294166c38d8c0858a86fad76d8c14dc1144c8"
            },
            "dist": {
                "type": "zip",
                "url": "https://api.github.com/repos/symfony/console/zipball/91c294166c38d8c0858a86fad76d8c14dc1144c8",
                "reference": "91c294166c38d8c0858a86fad76d8c14dc1144c8",
                "shasum": ""
            },
            "require": {
                "php": "^7.2.5",
                "symfony/polyfill-mbstring": "~1.0",
                "symfony/polyfill-php73": "^1.8",
                "symfony/service-contracts": "^1.1|^2"
            },
            "conflict": {
                "symfony/dependency-injection": "<4.4",
                "symfony/event-dispatcher": "<4.4",
                "symfony/lock": "<4.4",
                "symfony/process": "<4.4"
            },
            "provide": {
                "psr/log-implementation": "1.0"
            },
            "require-dev": {
                "psr/log": "~1.0",
                "symfony/config": "^4.4|^5.0",
                "symfony/dependency-injection": "^4.4|^5.0",
                "symfony/event-dispatcher": "^4.4|^5.0",
                "symfony/lock": "^4.4|^5.0",
                "symfony/process": "^4.4|^5.0",
                "symfony/var-dumper": "^4.4|^5.0"
            },
            "suggest": {
                "psr/log": "For using the console logger",
                "symfony/event-dispatcher": "",
                "symfony/lock": "",
                "symfony/process": ""
            },
            "type": "library",
            "extra": {
                "branch-alias": {
                    "dev-master": "5.0-dev"
                }
            },
            "autoload": {
                "psr-4": {
                    "Symfony\\Component\\Console\\": ""
                },
                "exclude-from-classmap": [
                    "/Tests/"
                ]
            },
            "notification-url": "https://packagist.org/downloads/",
            "license": [
                "MIT"
            ],
            "authors": [
                {
                    "name": "Fabien Potencier",
                    "email": "fabien@symfony.com"
                },
                {
                    "name": "Symfony Community",
                    "homepage": "https://symfony.com/contributors"
                }
            ],
            "description": "Symfony Console Component",
            "homepage": "https://symfony.com",
            "time": "2020-01-25T15:56:29+00:00"
        },
        {
            "name": "symfony/polyfill-mbstring",
            "version": "v1.14.0",
            "source": {
                "type": "git",
                "url": "https://github.com/symfony/polyfill-mbstring.git",
                "reference": "34094cfa9abe1f0f14f48f490772db7a775559f2"
            },
            "dist": {
                "type": "zip",
                "url": "https://api.github.com/repos/symfony/polyfill-mbstring/zipball/34094cfa9abe1f0f14f48f490772db7a775559f2",
                "reference": "34094cfa9abe1f0f14f48f490772db7a775559f2",
                "shasum": ""
            },
            "require": {
                "php": ">=5.3.3"
            },
            "suggest": {
                "ext-mbstring": "For best performance"
            },
            "type": "library",
            "extra": {
                "branch-alias": {
                    "dev-master": "1.14-dev"
                }
            },
            "autoload": {
                "psr-4": {
                    "Symfony\\Polyfill\\Mbstring\\": ""
                },
                "files": [
                    "bootstrap.php"
                ]
            },
            "notification-url": "https://packagist.org/downloads/",
            "license": [
                "MIT"
            ],
            "authors": [
                {
                    "name": "Nicolas Grekas",
                    "email": "p@tchwork.com"
                },
                {
                    "name": "Symfony Community",
                    "homepage": "https://symfony.com/contributors"
                }
            ],
            "description": "Symfony polyfill for the Mbstring extension",
            "homepage": "https://symfony.com",
            "keywords": [
                "compatibility",
                "mbstring",
                "polyfill",
                "portable",
                "shim"
            ],
            "time": "2020-01-13T11:15:53+00:00"
        },
        {
            "name": "symfony/polyfill-php73",
            "version": "v1.14.0",
            "source": {
                "type": "git",
                "url": "https://github.com/symfony/polyfill-php73.git",
                "reference": "5e66a0fa1070bf46bec4bea7962d285108edd675"
            },
            "dist": {
                "type": "zip",
                "url": "https://api.github.com/repos/symfony/polyfill-php73/zipball/5e66a0fa1070bf46bec4bea7962d285108edd675",
                "reference": "5e66a0fa1070bf46bec4bea7962d285108edd675",
                "shasum": ""
            },
            "require": {
                "php": ">=5.3.3"
            },
            "type": "library",
            "extra": {
                "branch-alias": {
                    "dev-master": "1.14-dev"
                }
            },
            "autoload": {
                "psr-4": {
                    "Symfony\\Polyfill\\Php73\\": ""
                },
                "files": [
                    "bootstrap.php"
                ],
                "classmap": [
                    "Resources/stubs"
                ]
            },
            "notification-url": "https://packagist.org/downloads/",
            "license": [
                "MIT"
            ],
            "authors": [
                {
                    "name": "Nicolas Grekas",
                    "email": "p@tchwork.com"
                },
                {
                    "name": "Symfony Community",
                    "homepage": "https://symfony.com/contributors"
                }
            ],
            "description": "Symfony polyfill backporting some PHP 7.3+ features to lower PHP versions",
            "homepage": "https://symfony.com",
            "keywords": [
                "compatibility",
                "polyfill",
                "portable",
                "shim"
            ],
            "time": "2020-01-13T11:15:53+00:00"
        },
        {
            "name": "symfony/service-contracts",
            "version": "v2.0.1",
            "source": {
                "type": "git",
                "url": "https://github.com/symfony/service-contracts.git",
                "reference": "144c5e51266b281231e947b51223ba14acf1a749"
            },
            "dist": {
                "type": "zip",
                "url": "https://api.github.com/repos/symfony/service-contracts/zipball/144c5e51266b281231e947b51223ba14acf1a749",
                "reference": "144c5e51266b281231e947b51223ba14acf1a749",
                "shasum": ""
            },
            "require": {
                "php": "^7.2.5",
                "psr/container": "^1.0"
            },
            "suggest": {
                "symfony/service-implementation": ""
            },
            "type": "library",
            "extra": {
                "branch-alias": {
                    "dev-master": "2.0-dev"
                }
            },
            "autoload": {
                "psr-4": {
                    "Symfony\\Contracts\\Service\\": ""
                }
            },
            "notification-url": "https://packagist.org/downloads/",
            "license": [
                "MIT"
            ],
            "authors": [
                {
                    "name": "Nicolas Grekas",
                    "email": "p@tchwork.com"
                },
                {
                    "name": "Symfony Community",
                    "homepage": "https://symfony.com/contributors"
                }
            ],
            "description": "Generic abstractions related to writing services",
            "homepage": "https://symfony.com",
            "keywords": [
                "abstractions",
                "contracts",
                "decoupling",
                "interfaces",
                "interoperability",
                "standards"
            ],
            "time": "2019-11-18T17:27:11+00:00"
        }
    ],
    "packages-dev": [],
    "aliases": [],
    "minimum-stability": "stable",
    "stability-flags": [],
    "prefer-stable": false,
    "prefer-lowest": false,
    "platform": [],
    "platform-dev": []
}
